
Microsoft Visual Studio Solution File, Format Version 12.00
# Visual Studio Version 17
VisualStudioVersion = 17.9.34701.34
MinimumVisualStudioVersion = 10.0.40219.1
Project("{9A19103F-16F7-4668-BE54-9A1E7A4F7556}") = "HotelBooking.API", "src\HotelBooking.API\HotelBooking.API.csproj", "{71C3980E-0E80-4FA7-B38B-813D33ADB9E1}"
EndProject
Project("{9A19103F-16F7-4668-BE54-9A1E7A4F7556}") = "HotelBooking.Domain", "src\HotelBooking.Domain\HotelBooking.Domain.csproj", "{B419D80A-7CE7-417F-8523-AD2895E5918D}"
EndProject
Project("{9A19103F-16F7-4668-BE54-9A1E7A4F7556}") = "HotelBooking.Web", "web\HotelBooking.Web\HotelBooking.Web.csproj", "{7E229BB9-81AA-4597-8AD8-C7AF9D1B3479}"
EndProject
Project("{9A19103F-16F7-4668-BE54-9A1E7A4F7556}") = "HotelBooking.Infrastructure", "src\HotelBooking.Infrastructure\HotelBooking.Infrastructure.csproj", "{43CB3418-9D0A-4E5F-9D0C-0147CDAFC00E}"
EndProject
Project("{9A19103F-16F7-4668-BE54-9A1E7A4F7556}") = "HotelBooking.Application", "src\HotelBooking.Application\HotelBooking.Application.csproj", "{BC40D943-ACE3-408A-8CE0-A8E622E07694}"
EndProject
Global
	GlobalSection(SolutionConfigurationPlatforms) = preSolution
		Debug|Any CPU = Debug|Any CPU
		Release|Any CPU = Release|Any CPU
	EndGlobalSection
	GlobalSection(ProjectConfigurationPlatforms) = postSolution
		{71C3980E-0E80-4FA7-B38B-813D33ADB9E1}.Debug|Any CPU.ActiveCfg = Debug|Any CPU
		{71C3980E-0E80-4FA7-B38B-813D33ADB9E1}.Debug|Any CPU.Build.0 = Debug|Any CPU
		{71C3980E-0E80-4FA7-B38B-813D33ADB9E1}.Release|Any CPU.ActiveCfg = Release|Any CPU
		{71C3980E-0E80-4FA7-B38B-813D33ADB9E1}.Release|Any CPU.Build.0 = Release|Any CPU
		{B419D80A-7CE7-417F-8523-AD2895E5918D}.Debug|Any CPU.ActiveCfg = Debug|Any CPU
		{B419D80A-7CE7-417F-8523-AD2895E5918D}.Debug|Any CPU.Build.0 = Debug|Any CPU
		{B419D80A-7CE7-417F-8523-AD2895E5918D}.Release|Any CPU.ActiveCfg = Release|Any CPU
		{B419D80A-7CE7-417F-8523-AD2895E5918D}.Release|Any CPU.Build.0 = Release|Any CPU
		{7E229BB9-81AA-4597-8AD8-C7AF9D1B3479}.Debug|Any CPU.ActiveCfg = Debug|Any CPU
		{7E229BB9-81AA-4597-8AD8-C7AF9D1B3479}.Debug|Any CPU.Build.0 = Debug|Any CPU
		{7E229BB9-81AA-4597-8AD8-C7AF9D1B3479}.Release|Any CPU.ActiveCfg = Release|Any CPU
		{7E229BB9-81AA-4597-8AD8-C7AF9D1B3479}.Release|Any CPU.Build.0 = Release|Any CPU
		{43CB3418-9D0A-4E5F-9D0C-0147CDAFC00E}.Debug|Any CPU.ActiveCfg = Debug|Any CPU
		{43CB3418-9D0A-4E5F-9D0C-0147CDAFC00E}.Debug|Any CPU.Build.0 = Debug|Any CPU
		{43CB3418-9D0A-4E5F-9D0C-0147CDAFC00E}.Release|Any CPU.ActiveCfg = Release|Any CPU
		{43CB3418-9D0A-4E5F-9D0C-0147CDAFC00E}.Release|Any CPU.Build.0 = Release|Any CPU
		{BC40D943-ACE3-408A-8CE0-A8E622E07694}.Debug|Any CPU.ActiveCfg = Debug|Any CPU
		{BC40D943-ACE3-408A-8CE0-A8E622E07694}.Debug|Any CPU.Build.0 = Debug|Any CPU
		{BC40D943-ACE3-408A-8CE0-A8E622E07694}.Release|Any CPU.ActiveCfg = Release|Any CPU
		{BC40D943-ACE3-408A-8CE0-A8E622E07694}.Release|Any CPU.Build.0 = Release|Any CPU
	EndGlobalSection
	GlobalSection(SolutionProperties) = preSolution
		HideSolutionNode = FALSE
	EndGlobalSection
	GlobalSection(ExtensibilityGlobals) = postSolution
		SolutionGuid = {A7130728-2FFA-484E-BFC7-D2F8E913EABF}
	EndGlobalSection
EndGlobal
